// !$*UTF8*$!
{
	archiveVersion = 1;
	classes = {
	};
	objectVersion = 56;
	objects = {

/* Begin PBXBuildFile section */
		E51A2B001F2A34D800123456 /* AppDelegate.swift in Sources */ = {isa = PBXBuildFile; fileRef = E51A2AFF1F2A34D800123456 /* AppDelegate.swift */; };
		E51A2B041F2A34D800123456 /* GameScene.sks in Resources */ = {isa = PBXBuildFile; fileRef = E51A2B031F2A34D800123456 /* GameScene.sks */; };
		E51A2B061F2A34D800123456 /* Actions.sks in Resources */ = {isa = PBXBuildFile; fileRef = E51A2B051F2A34D800123456 /* Actions.sks */; };
		E51A2B081F2A34D800123456 /* GameScene.swift in Sources */ = {isa = PBXBuildFile; fileRef = E51A2B071F2A34D800123456 /* GameScene.swift */; };
		E51A2B0A1F2A34D800123456 /* GameViewController.swift in Sources */ = {isa = PBXBuildFile; fileRef = E51A2B091F2A34D800123456 /* GameViewController.swift */; };
		E51A2B0D1F2A34D800123456 /* Main.storyboard in Resources */ = {isa = PBXBuildFile; fileRef = E51A2B0B1F2A34D800123456 /* Main.storyboard */; };
		E51A2B0F1F2A34D800123456 /* Assets.xcassets in Resources */ = {isa = PBXBuildFile; fileRef = E51A2B0E1F2A34D800123456 /* Assets.xcassets */; };
		E51A2B121F2A34D800123456 /* LaunchScreen.storyboard in Resources */ = {isa = PBXBuildFile; fileRef = E51A2B101F2A34D800123456 /* LaunchScreen.storyboard */; };
		E51A2B201F2A34D800123456 /* MainMenuScene.swift in Sources */ = {isa = PBXBuildFile; fileRef = E51A2B1F1F2A34D800123456 /* MainMenuScene.swift */; };
		E51A2B221F2A34D800123456 /* GameOverScene.swift in Sources */ = {isa = PBXBuildFile; fileRef = E51A2B211F2A34D800123456 /* GameOverScene.swift */; };
		E51A2B241F2A34D800123456 /* GameScene3D.swift in Sources */ = {isa = PBXBuildFile; fileRef = E51A2B231F2A34D800123456 /* GameScene3D.swift */; };
		E51A2B261F2A34D800123456 /* PlayerShip3D.swift in Sources */ = {isa = PBXBuildFile; fileRef = E51A2B251F2A34D800123456 /* PlayerShip3D.swift */; };
		E51A2B281F2A34D800123456 /* EnemyShip3D.swift in Sources */ = {isa = PBXBuildFile; fileRef = E51A2B271F2A34D800123456 /* EnemyShip3D.swift */; };
		E51A2B2A1F2A34D800123456 /* MothershipBoss.swift in Sources */ = {isa = PBXBuildFile; fileRef = E51A2B291F2A34D800123456 /* MothershipBoss.swift */; };
		E51A2B2C1F2A34D800123456 /* VisualEffects3D.swift in Sources */ = {isa = PBXBuildFile; fileRef = E51A2B2B1F2A34D800123456 /* VisualEffects3D.swift */; };
		E51A2B2E1F2A34D800123456 /* MainMenuScene3D.swift in Sources */ = {isa = PBXBuildFile; fileRef = E51A2B2D1F2A34D800123456 /* MainMenuScene3D.swift */; };
		E51A2B301F2A34D800123456 /* GameOverScene3D.swift in Sources */ = {isa = PBXBuildFile; fileRef = E51A2B2F1F2A34D800123456 /* GameOverScene3D.swift */; };
		E51A2B321F2A34D800123456 /* GameArena.swift in Sources */ = {isa = PBXBuildFile; fileRef = E51A2B311F2A34D800123456 /* GameArena.swift */; };
		E51A2B341F2A34D800123456 /* PlayerShipNode.swift in Sources */ = {isa = PBXBuildFile; fileRef = E51A2B331F2A34D800123456 /* PlayerShipNode.swift */; };
		E51A2B361F2A34D800123456 /* EnemyShipNode.swift in Sources */ = {isa = PBXBuildFile; fileRef = E51A2B351F2A34D800123456 /* EnemyShipNode.swift */; };
		E51A2B381F2A34D800123456 /* VirtualJoystick.swift in Sources */ = {isa = PBXBuildFile; fileRef = E51A2B371F2A34D800123456 /* VirtualJoystick.swift */; };
		E51A2B3A1F2A34D800123456 /* FireButton.swift in Sources */ = {isa = PBXBuildFile; fileRef = E51A2B391F2A34D800123456 /* FireButton.swift */; };
		E51A2B3C1F2A34D800123456 /* BulletNode.swift in Sources */ = {isa = PBXBuildFile; fileRef = E51A2B3B1F2A34D800123456 /* BulletNode.swift */; };
		E51A2B3E1F2A34D800123456 /* ExplosionNode.swift in Sources */ = {isa = PBXBuildFile; fileRef = E51A2B3D1F2A34D800123456 /* ExplosionNode.swift */; };
		E51A2B401F2A34D800123456 /* PowerUpNode.swift in Sources */ = {isa = PBXBuildFile; fileRef = E51A2B3F1F2A34D800123456 /* PowerUpNode.swift */; };
		E51A2B421F2A34D800123456 /* GameOverArena.swift in Sources */ = {isa = PBXBuildFile; fileRef = E51A2B411F2A34D800123456 /* GameOverArena.swift */; };
		E51A2B441F2A34D800123456 /* Game3DViewController.swift in Sources */ = {isa = PBXBuildFile; fileRef = E51A2B431F2A34D800123456 /* Game3DViewController.swift */; };
		E51A2B461F2A34D800123456 /* Game3DScene.swift in Sources */ = {isa = PBXBuildFile; fileRef = E51A2B451F2A34D800123456 /* Game3DScene.swift */; };
		E51A2B481F2A34D800123456 /* Game3DScene+Physics.swift in Sources */ = {isa = PBXBuildFile; fileRef = E51A2B471F2A34D800123456 /* Game3DScene+Physics.swift */; };
		E51A2B4A1F2A34D800123456 /* VirtualJoystick3D.swift in Sources */ = {isa = PBXBuildFile; fileRef = E51A2B491F2A34D800123456 /* VirtualJoystick3D.swift */; };
		E51A2B4C1F2A34D800123456 /* uss_defiant.obj in Resources */ = {isa = PBXBuildFile; fileRef = E51A2B4B1F2A34D800123456 /* uss_defiant.obj */; };
		E51A2B4E1F2A34D800123456 /* uss_defiant.mtl in Resources */ = {isa = PBXBuildFile; fileRef = E51A2B4D1F2A34D800123456 /* uss_defiant.mtl */; };
		E51A2B501F2A34D800123456 /* ufo_enemy.obj in Resources */ = {isa = PBXBuildFile; fileRef = E51A2B4F1F2A34D800123456 /* ufo_enemy.obj */; };
		E51A2B521F2A34D800123456 /* ds9_station.3ds in Resources */ = {isa = PBXBuildFile; fileRef = E51A2B511F2A34D800123456 /* ds9_station.3ds */; };
/* End PBXBuildFile section */

/* Begin PBXFileReference section */
		E51A2AFC1F2A34D800123456 /* NaveMorphis.app */ = {isa = PBXFileReference; explicitFileType = wrapper.application; includeInIndex = 0; path = NaveMorphis.app; sourceTree = BUILT_PRODUCTS_DIR; };
		E51A2AFF1F2A34D800123456 /* AppDelegate.swift */ = {isa = PBXFileReference; lastKnownFileType = sourcecode.swift; path = AppDelegate.swift; sourceTree = "<group>"; };
		E51A2B031F2A34D800123456 /* GameScene.sks */ = {isa = PBXFileReference; lastKnownFileType = file.sks; path = GameScene.sks; sourceTree = "<group>"; };
		E51A2B051F2A34D800123456 /* Actions.sks */ = {isa = PBXFileReference; lastKnownFileType = file.sks; path = Actions.sks; sourceTree = "<group>"; };
		E51A2B071F2A34D800123456 /* GameScene.swift */ = {isa = PBXFileReference; lastKnownFileType = sourcecode.swift; path = GameScene.swift; sourceTree = "<group>"; };
		E51A2B091F2A34D800123456 /* GameViewController.swift */ = {isa = PBXFileReference; lastKnownFileType = sourcecode.swift; path = GameViewController.swift; sourceTree = "<group>"; };
		E51A2B0C1F2A34D800123456 /* Base */ = {isa = PBXFileReference; lastKnownFileType = file.storyboard; name = Base; path = Base.lproj/Main.storyboard; sourceTree = "<group>"; };
		E51A2B0E1F2A34D800123456 /* Assets.xcassets */ = {isa = PBXFileReference; lastKnownFileType = folder.assetcatalog; path = Assets.xcassets; sourceTree = "<group>"; };
		E51A2B111F2A34D800123456 /* Base */ = {isa = PBXFileReference; lastKnownFileType = file.storyboard; name = Base; path = Base.lproj/LaunchScreen.storyboard; sourceTree = "<group>"; };
		E51A2B131F2A34D800123456 /* Info.plist */ = {isa = PBXFileReference; lastKnownFileType = text.plist.xml; path = Info.plist; sourceTree = "<group>"; };
		E51A2B1F1F2A34D800123456 /* MainMenuScene.swift */ = {isa = PBXFileReference; lastKnownFileType = sourcecode.swift; path = MainMenuScene.swift; sourceTree = "<group>"; };
		E51A2B211F2A34D800123456 /* GameOverScene.swift */ = {isa = PBXFileReference; lastKnownFileType = sourcecode.swift; path = GameOverScene.swift; sourceTree = "<group>"; };
		E51A2B231F2A34D800123456 /* GameScene3D.swift */ = {isa = PBXFileReference; lastKnownFileType = sourcecode.swift; path = GameScene3D.swift; sourceTree = "<group>"; };
		E51A2B251F2A34D800123456 /* PlayerShip3D.swift */ = {isa = PBXFileReference; lastKnownFileType = sourcecode.swift; path = PlayerShip3D.swift; sourceTree = "<group>"; };
		E51A2B271F2A34D800123456 /* EnemyShip3D.swift */ = {isa = PBXFileReference; lastKnownFileType = sourcecode.swift; path = EnemyShip3D.swift; sourceTree = "<group>"; };
		E51A2B291F2A34D800123456 /* MothershipBoss.swift */ = {isa = PBXFileReference; lastKnownFileType = sourcecode.swift; path = MothershipBoss.swift; sourceTree = "<group>"; };
		E51A2B2B1F2A34D800123456 /* VisualEffects3D.swift */ = {isa = PBXFileReference; lastKnownFileType = sourcecode.swift; path = VisualEffects3D.swift; sourceTree = "<group>"; };
		E51A2B2D1F2A34D800123456 /* MainMenuScene3D.swift */ = {isa = PBXFileReference; lastKnownFileType = sourcecode.swift; path = MainMenuScene3D.swift; sourceTree = "<group>"; };
		E51A2B2F1F2A34D800123456 /* GameOverScene3D.swift */ = {isa = PBXFileReference; lastKnownFileType = sourcecode.swift; path = GameOverScene3D.swift; sourceTree = "<group>"; };
		E51A2B311F2A34D800123456 /* GameArena.swift */ = {isa = PBXFileReference; lastKnownFileType = sourcecode.swift; path = GameArena.swift; sourceTree = "<group>"; };
		E51A2B331F2A34D800123456 /* PlayerShipNode.swift */ = {isa = PBXFileReference; lastKnownFileType = sourcecode.swift; path = PlayerShipNode.swift; sourceTree = "<group>"; };
		E51A2B351F2A34D800123456 /* EnemyShipNode.swift */ = {isa = PBXFileReference; lastKnownFileType = sourcecode.swift; path = EnemyShipNode.swift; sourceTree = "<group>"; };
		E51A2B371F2A34D800123456 /* VirtualJoystick.swift */ = {isa = PBXFileReference; lastKnownFileType = sourcecode.swift; path = VirtualJoystick.swift; sourceTree = "<group>"; };
		E51A2B391F2A34D800123456 /* FireButton.swift */ = {isa = PBXFileReference; lastKnownFileType = sourcecode.swift; path = FireButton.swift; sourceTree = "<group>"; };
		E51A2B3B1F2A34D800123456 /* BulletNode.swift */ = {isa = PBXFileReference; lastKnownFileType = sourcecode.swift; path = BulletNode.swift; sourceTree = "<group>"; };
		E51A2B3D1F2A34D800123456 /* ExplosionNode.swift */ = {isa = PBXFileReference; lastKnownFileType = sourcecode.swift; path = ExplosionNode.swift; sourceTree = "<group>"; };
		E51A2B3F1F2A34D800123456 /* PowerUpNode.swift */ = {isa = PBXFileReference; lastKnownFileType = sourcecode.swift; path = PowerUpNode.swift; sourceTree = "<group>"; };
		E51A2B411F2A34D800123456 /* GameOverArena.swift */ = {isa = PBXFileReference; lastKnownFileType = sourcecode.swift; path = GameOverArena.swift; sourceTree = "<group>"; };
		E51A2B431F2A34D800123456 /* Game3DViewController.swift */ = {isa = PBXFileReference; lastKnownFileType = sourcecode.swift; path = Game3DViewController.swift; sourceTree = "<group>"; };
		E51A2B451F2A34D800123456 /* Game3DScene.swift */ = {isa = PBXFileReference; lastKnownFileType = sourcecode.swift; path = Game3DScene.swift; sourceTree = "<group>"; };
		E51A2B471F2A34D800123456 /* Game3DScene+Physics.swift */ = {isa = PBXFileReference; lastKnownFileType = sourcecode.swift; path = "Game3DScene+Physics.swift"; sourceTree = "<group>"; };
		E51A2B491F2A34D800123456 /* VirtualJoystick3D.swift */ = {isa = PBXFileReference; lastKnownFileType = sourcecode.swift; path = VirtualJoystick3D.swift; sourceTree = "<group>"; };
		E51A2B4B1F2A34D800123456 /* uss_defiant.obj */ = {isa = PBXFileReference; lastKnownFileType = text; path = uss_defiant.obj; sourceTree = "<group>"; };
		E51A2B4D1F2A34D800123456 /* uss_defiant.mtl */ = {isa = PBXFileReference; lastKnownFileType = text; path = uss_defiant.mtl; sourceTree = "<group>"; };
		E51A2B4F1F2A34D800123456 /* ufo_enemy.obj */ = {isa = PBXFileReference; lastKnownFileType = text; path = ufo_enemy.obj; sourceTree = "<group>"; };
		E51A2B511F2A34D800123456 /* ds9_station.3ds */ = {isa = PBXFileReference; lastKnownFileType = file; path = ds9_station.3ds; sourceTree = "<group>"; };
/* End PBXFileReference section */

/* Begin PBXFrameworksBuildPhase section */
		E51A2AF91F2A34D800123456 /* Frameworks */ = {
			isa = PBXFrameworksBuildPhase;
			buildActionMask = 2147483647;
			files = (
			);
			runOnlyForDeploymentPostprocessing = 0;
		};
/* End PBXFrameworksBuildPhase section */

/* Begin PBXGroup section */
		E51A2AF31F2A34D800123456 = {
			isa = PBXGroup;
			children = (
				E51A2AFE1F2A34D800123456 /* NaveMorphis */,
				E51A2AFD1F2A34D800123456 /* Products */,
			);
			sourceTree = "<group>";
		};
		E51A2AFD1F2A34D800123456 /* Products */ = {
			isa = PBXGroup;
			children = (
				E51A2AFC1F2A34D800123456 /* NaveMorphis.app */,
			);
			name = Products;
			sourceTree = "<group>";
		};
		E51A2AFE1F2A34D800123456 /* NaveMorphis */ = {
			isa = PBXGroup;
			children = (
				E51A2AFF1F2A34D800123456 /* AppDelegate.swift */,
				E51A2B091F2A34D800123456 /* GameViewController.swift */,
				E51A2B541F2A34D800123456 /* 3D Game */,
				E51A2B431F2A34D800123456 /* Game Arena */,
				E51A2B441F2A34D800123456 /* Legacy 3D Game */,
				E51A2B451F2A34D800123456 /* Resources */,
				E51A2B461F2A34D800123456 /* Storyboards */,
				E51A2B131F2A34D800123456 /* Info.plist */,
			);
			path = NaveMorphis;
			sourceTree = "<group>";
		};
		E51A2B431F2A34D800123456 /* Game Arena */ = {
			isa = PBXGroup;
			children = (
				E51A2B311F2A34D800123456 /* GameArena.swift */,
				E51A2B331F2A34D800123456 /* PlayerShipNode.swift */,
				E51A2B351F2A34D800123456 /* EnemyShipNode.swift */,
				E51A2B371F2A34D800123456 /* VirtualJoystick.swift */,
				E51A2B391F2A34D800123456 /* FireButton.swift */,
				E51A2B3B1F2A34D800123456 /* BulletNode.swift */,
				E51A2B3D1F2A34D800123456 /* ExplosionNode.swift */,
				E51A2B3F1F2A34D800123456 /* PowerUpNode.swift */,
				E51A2B411F2A34D800123456 /* GameOverArena.swift */,
			);
			name = "Game Arena";
			sourceTree = "<group>";
		};
		E51A2B541F2A34D800123456 /* 3D Game */ = {
			isa = PBXGroup;
			children = (
				E51A2B431F2A34D800123456 /* Game3DViewController.swift */,
				E51A2B451F2A34D800123456 /* Game3DScene.swift */,
				E51A2B471F2A34D800123456 /* Game3DScene+Physics.swift */,
				E51A2B491F2A34D800123456 /* VirtualJoystick3D.swift */,
				E51A2B4B1F2A34D800123456 /* uss_defiant.obj */,
				E51A2B4D1F2A34D800123456 /* uss_defiant.mtl */,
				E51A2B4F1F2A34D800123456 /* ufo_enemy.obj */,
				E51A2B511F2A34D800123456 /* ds9_station.3ds */,
			);
			name = "3D Game";
			sourceTree = "<group>";
		};
		E51A2B441F2A34D800123456 /* Legacy 3D Game */ = {
			isa = PBXGroup;
			children = (
				E51A2B071F2A34D800123456 /* GameScene.swift */,
				E51A2B1F1F2A34D800123456 /* MainMenuScene.swift */,
				E51A2B211F2A34D800123456 /* GameOverScene.swift */,
				E51A2B231F2A34D800123456 /* GameScene3D.swift */,
				E51A2B251F2A34D800123456 /* PlayerShip3D.swift */,
				E51A2B271F2A34D800123456 /* EnemyShip3D.swift */,
				E51A2B291F2A34D800123456 /* MothershipBoss.swift */,
				E51A2B2B1F2A34D800123456 /* VisualEffects3D.swift */,
				E51A2B2D1F2A34D800123456 /* MainMenuScene3D.swift */,
				E51A2B2F1F2A34D800123456 /* GameOverScene3D.swift */,
			);
			name = "Legacy 3D Game";
			sourceTree = "<group>";
		};
		E51A2B451F2A34D800123456 /* Resources */ = {
			isa = PBXGroup;
			children = (
				E51A2B031F2A34D800123456 /* GameScene.sks */,
				E51A2B051F2A34D800123456 /* Actions.sks */,
				E51A2B0E1F2A34D800123456 /* Assets.xcassets */,
			);
			name = Resources;
			sourceTree = "<group>";
		};
		E51A2B461F2A34D800123456 /* Storyboards */ = {
			isa = PBXGroup;
			children = (
				E51A2B0B1F2A34D800123456 /* Main.storyboard */,
				E51A2B101F2A34D800123456 /* LaunchScreen.storyboard */,
			);
			name = Storyboards;
			sourceTree = "<group>";
		};
/* End PBXGroup section */

/* Begin PBXNativeTarget section */
		E51A2AFB1F2A34D800123456 /* NaveMorphis */ = {
			isa = PBXNativeTarget;
			buildConfigurationList = E51A2B161F2A34D800123456 /* Build configuration list for PBXNativeTarget "NaveMorphis" */;
			buildPhases = (
				E51A2AF81F2A34D800123456 /* Sources */,
				E51A2AF91F2A34D800123456 /* Frameworks */,
				E51A2AFA1F2A34D800123456 /* Resources */,
			);
			buildRules = (
			);
			dependencies = (
			);
			name = NaveMorphis;
			productName = NaveMorphis;
			productReference = E51A2AFC1F2A34D800123456 /* NaveMorphis.app */;
			productType = "com.apple.product-type.application";
		};
/* End PBXNativeTarget section */

/* Begin PBXProject section */
		E51A2AF41F2A34D800123456 /* Project object */ = {
			isa = PBXProject;
			attributes = {
				BuildIndependentTargetsInParallel = 1;
				LastSwiftUpdateCheck = 1500;
				LastUpgradeCheck = 1500;
				TargetAttributes = {
					E51A2AFB1F2A34D800123456 = {
						CreatedOnToolsVersion = 15.0;
					};
				};
			};
			buildConfigurationList = E51A2AF71F2A34D800123456 /* Build configuration list for PBXProject "NaveMorphis" */;
			compatibilityVersion = "Xcode 14.0";
			developmentRegion = en;
			hasScannedForEncodings = 0;
			knownRegions = (
				en,
				Base,
			);
			mainGroup = E51A2AF31F2A34D800123456;
			productRefGroup = E51A2AFD1F2A34D800123456 /* Products */;
			projectDirPath = "";
			projectRoot = "";
			targets = (
				E51A2AFB1F2A34D800123456 /* NaveMorphis */,
			);
		};
/* End PBXProject section */

/* Begin PBXResourcesBuildPhase section */
		E51A2AFA1F2A34D800123456 /* Resources */ = {
			isa = PBXResourcesBuildPhase;
			buildActionMask = 2147483647;
			files = (
				E51A2B041F2A34D800123456 /* GameScene.sks in Resources */,
				E51A2B0F1F2A34D800123456 /* Assets.xcassets in Resources */,
				E51A2B061F2A34D800123456 /* Actions.sks in Resources */,
				E51A2B0D1F2A34D800123456 /* Main.storyboard in Resources */,
				E51A2B121F2A34D800123456 /* LaunchScreen.storyboard in Resources */,
				E51A2B4C1F2A34D800123456 /* uss_defiant.obj in Resources */,
				E51A2B4E1F2A34D800123456 /* uss_defiant.mtl in Resources */,
				E51A2B501F2A34D800123456 /* ufo_enemy.obj in Resources */,
				E51A2B521F2A34D800123456 /* ds9_station.3ds in Resources */,
			);
			runOnlyForDeploymentPostprocessing = 0;
		};
/* End PBXResourcesBuildPhase section */

/* Begin PBXSourcesBuildPhase section */
		E51A2AF81F2A34D800123456 /* Sources */ = {
			isa = PBXSourcesBuildPhase;
			buildActionMask = 2147483647;
			files = (
				E51A2B081F2A34D800123456 /* GameScene.swift in Sources */,
				E51A2B0A1F2A34D800123456 /* GameViewController.swift in Sources */,
				E51A2B001F2A34D800123456 /* AppDelegate.swift in Sources */,
				E51A2B201F2A34D800123456 /* MainMenuScene.swift in Sources */,
				E51A2B221F2A34D800123456 /* GameOverScene.swift in Sources */,
				E51A2B241F2A34D800123456 /* GameScene3D.swift in Sources */,
				E51A2B261F2A34D800123456 /* PlayerShip3D.swift in Sources */,
				E51A2B281F2A34D800123456 /* EnemyShip3D.swift in Sources */,
				E51A2B2A1F2A34D800123456 /* MothershipBoss.swift in Sources */,
				E51A2B2C1F2A34D800123456 /* VisualEffects3D.swift in Sources */,
				E51A2B2E1F2A34D800123456 /* MainMenuScene3D.swift in Sources */,
				E51A2B301F2A34D800123456 /* GameOverScene3D.swift in Sources */,
				E51A2B321F2A34D800123456 /* GameArena.swift in Sources */,
				E51A2B341F2A34D800123456 /* PlayerShipNode.swift in Sources */,
				E51A2B361F2A34D800123456 /* EnemyShipNode.swift in Sources */,
				E51A2B381F2A34D800123456 /* VirtualJoystick.swift in Sources */,
				E51A2B3A1F2A34D800123456 /* FireButton.swift in Sources */,
				E51A2B3C1F2A34D800123456 /* BulletNode.swift in Sources */,
				E51A2B3E1F2A34D800123456 /* ExplosionNode.swift in Sources */,
				E51A2B401F2A34D800123456 /* PowerUpNode.swift in Sources */,
				E51A2B421F2A34D800123456 /* GameOverArena.swift in Sources */,
				E51A2B441F2A34D800123456 /* Game3DViewController.swift in Sources */,
				E51A2B461F2A34D800123456 /* Game3DScene.swift in Sources */,
				E51A2B481F2A34D800123456 /* Game3DScene+Physics.swift in Sources */,
				E51A2B4A1F2A34D800123456 /* VirtualJoystick3D.swift in Sources */,
			);
			runOnlyForDeploymentPostprocessing = 0;
		};
/* End PBXSourcesBuildPhase section */

/* Begin PBXVariantGroup section */
		E51A2B0B1F2A34D800123456 /* Main.storyboard */ = {
			isa = PBXVariantGroup;
			children = (
				E51A2B0C1F2A34D800123456 /* Base */,
			);
			name = Main.storyboard;
			sourceTree = "<group>";
		};
		E51A2B101F2A34D800123456 /* LaunchScreen.storyboard */ = {
			isa = PBXVariantGroup;
			children = (
				E51A2B111F2A34D800123456 /* Base */,
			);
			name = LaunchScreen.storyboard;
			sourceTree = "<group>";
		};
/* End PBXVariantGroup section */

/* Begin XCBuildConfiguration section */
		E51A2B141F2A34D800123456 /* Debug */ = {
			isa = XCBuildConfiguration;
			buildSettings = {
				ALWAYS_SEARCH_USER_PATHS = NO;
				ASSETCATALOG_COMPILER_GENERATE_SWIFT_ASSET_SYMBOL_EXTENSIONS = YES;
				CLANG_ANALYZER_NONNULL = YES;
				CLANG_ANALYZER_NUMBER_OBJECT_CONVERSION = YES_AGGRESSIVE;
				CLANG_CXX_LANGUAGE_STANDARD = "gnu++20";
				CLANG_ENABLE_MODULES = YES;
				CLANG_ENABLE_OBJC_ARC = YES;
				CLANG_ENABLE_OBJC_WEAK = YES;
				CLANG_WARN_BLOCK_CAPTURE_AUTORELEASING = YES;
				CLANG_WARN_BOOL_CONVERSION = YES;
				CLANG_WARN_COMMA = YES;
				CLANG_WARN_CONSTANT_CONVERSION = YES;
				CLANG_WARN_DEPRECATED_OBJC_IMPLEMENTATIONS = YES;
				CLANG_WARN_DIRECT_OBJC_ISA_USAGE = YES_ERROR;
				CLANG_WARN_DOCUMENTATION_COMMENTS = YES;
				CLANG_WARN_EMPTY_BODY = YES;
				CLANG_WARN_ENUM_CONVERSION = YES;
				CLANG_WARN_INFINITE_RECURSION = YES;
				CLANG_WARN_INT_CONVERSION = YES;
				CLANG_WARN_NON_LITERAL_NULL_CONVERSION = YES;
				CLANG_WARN_OBJC_IMPLICIT_RETAIN_SELF = YES;
				CLANG_WARN_OBJC_LITERAL_CONVERSION = YES;
				CLANG_WARN_OBJC_ROOT_CLASS = YES_ERROR;
				CLANG_WARN_QUOTED_INCLUDE_IN_FRAMEWORK_HEADER = YES;
				CLANG_WARN_RANGE_LOOP_ANALYSIS = YES;
				CLANG_WARN_STRICT_PROTOTYPES = YES;
				CLANG_WARN_SUSPICIOUS_MOVE = YES;
				CLANG_WARN_UNGUARDED_AVAILABILITY = YES_AGGRESSIVE;
				CLANG_WARN_UNREACHABLE_CODE = YES;
				CLANG_WARN__DUPLICATE_METHOD_MATCH = YES;
				COPY_PHASE_STRIP = NO;
				DEBUG_INFORMATION_FORMAT = dwarf;
				ENABLE_STRICT_OBJC_MSGSEND = YES;
				ENABLE_TESTABILITY = YES;
				ENABLE_USER_SCRIPT_SANDBOXING = YES;
				GCC_C_LANGUAGE_STANDARD = gnu17;
				GCC_DYNAMIC_NO_PIC = NO;
				GCC_NO_COMMON_BLOCKS = YES;
				GCC_OPTIMIZATION_LEVEL = 0;
				GCC_PREPROCESSOR_DEFINITIONS = (
					"DEBUG=1",
					"$(inherited)",
				);
				GCC_WARN_64_TO_32_BIT_CONVERSION = YES;
				GCC_WARN_ABOUT_RETURN_TYPE = YES_ERROR;
				GCC_WARN_UNDECLARED_SELECTOR = YES;
				GCC_WARN_UNINITIALIZED_AUTOS = YES_AGGRESSIVE;
				GCC_WARN_UNUSED_FUNCTION = YES;
				GCC_WARN_UNUSED_VARIABLE = YES;
				IPHONEOS_DEPLOYMENT_TARGET = 17.0;
				LOCALIZATION_PREFERS_STRING_CATALOGS = YES;
				MTL_ENABLE_DEBUG_INFO = INCLUDE_SOURCE;
				MTL_FAST_MATH = YES;
				ONLY_ACTIVE_ARCH = YES;
				SDKROOT = iphoneos;
				SWIFT_ACTIVE_COMPILATION_CONDITIONS = "DEBUG $(inherited)";
				SWIFT_OPTIMIZATION_LEVEL = "-Onone";
			};
			name = Debug;
		};
		E51A2B151F2A34D800123456 /* Release */ = {
			isa = XCBuildConfiguration;
			buildSettings = {
				ALWAYS_SEARCH_USER_PATHS = NO;
				ASSETCATALOG_COMPILER_GENERATE_SWIFT_ASSET_SYMBOL_EXTENSIONS = YES;
				CLANG_ANALYZER_NONNULL = YES;
				CLANG_ANALYZER_NUMBER_OBJECT_CONVERSION = YES_AGGRESSIVE;
				CLANG_CXX_LANGUAGE_STANDARD = "gnu++20";
				CLANG_ENABLE_MODULES = YES;
				CLANG_ENABLE_OBJC_ARC = YES;
				CLANG_ENABLE_OBJC_WEAK = YES;
				CLANG_WARN_BLOCK_CAPTURE_AUTORELEASING = YES;
				CLANG_WARN_BOOL_CONVERSION = YES;
				CLANG_WARN_COMMA = YES;
				CLANG_WARN_CONSTANT_CONVERSION = YES;
				CLANG_WARN_DEPRECATED_OBJC_IMPLEMENTATIONS = YES;
				CLANG_WARN_DIRECT_OBJC_ISA_USAGE = YES_ERROR;
				CLANG_WARN_DOCUMENTATION_COMMENTS = YES;
				CLANG_WARN_EMPTY_BODY = YES;
				CLANG_WARN_ENUM_CONVERSION = YES;
				CLANG_WARN_INFINITE_RECURSION = YES;
				CLANG_WARN_INT_CONVERSION = YES;
				CLANG_WARN_NON_LITERAL_NULL_CONVERSION = YES;
				CLANG_WARN_OBJC_IMPLICIT_RETAIN_SELF = YES;
				CLANG_WARN_OBJC_LITERAL_CONVERSION = YES;
				CLANG_WARN_OBJC_ROOT_CLASS = YES_ERROR;
				CLANG_WARN_QUOTED_INCLUDE_IN_FRAMEWORK_HEADER = YES;
				CLANG_WARN_RANGE_LOOP_ANALYSIS = YES;
				CLANG_WARN_STRICT_PROTOTYPES = YES;
				CLANG_WARN_SUSPICIOUS_MOVE = YES;
				CLANG_WARN_UNGUARDED_AVAILABILITY = YES_AGGRESSIVE;
				CLANG_WARN_UNREACHABLE_CODE = YES;
				CLANG_WARN__DUPLICATE_METHOD_MATCH = YES;
				COPY_PHASE_STRIP = NO;
				DEBUG_INFORMATION_FORMAT = "dwarf-with-dsym";
				ENABLE_NS_ASSERTIONS = NO;
				ENABLE_STRICT_OBJC_MSGSEND = YES;
				ENABLE_USER_SCRIPT_SANDBOXING = YES;
				GCC_C_LANGUAGE_STANDARD = gnu17;
				GCC_NO_COMMON_BLOCKS = YES;
				GCC_WARN_64_TO_32_BIT_CONVERSION = YES;
				GCC_WARN_ABOUT_RETURN_TYPE = YES_ERROR;
				GCC_WARN_UNDECLARED_SELECTOR = YES;
				GCC_WARN_UNINITIALIZED_AUTOS = YES_AGGRESSIVE;
				GCC_WARN_UNUSED_FUNCTION = YES;
				GCC_WARN_UNUSED_VARIABLE = YES;
				IPHONEOS_DEPLOYMENT_TARGET = 17.0;
				LOCALIZATION_PREFERS_STRING_CATALOGS = YES;
				MTL_ENABLE_DEBUG_INFO = NO;
				MTL_FAST_MATH = YES;
				SDKROOT = iphoneos;
				SWIFT_COMPILATION_MODE = wholemodule;
				VALIDATE_PRODUCT = YES;
			};
			name = Release;
		};
		E51A2B171F2A34D800123456 /* Debug */ = {
			isa = XCBuildConfiguration;
			buildSettings = {
				ASSETCATALOG_COMPILER_APPICON_NAME = AppIcon;
				ASSETCATALOG_COMPILER_GLOBAL_ACCENT_COLOR_NAME = AccentColor;
				CODE_SIGN_STYLE = Automatic;
				CURRENT_PROJECT_VERSION = 1;
				DEVELOPMENT_TEAM = "";
				GENERATE_INFOPLIST_FILE = YES;
				INFOPLIST_FILE = NaveMorphis/Info.plist;
				INFOPLIST_KEY_UIApplicationSupportsIndirectInputEvents = YES;
				INFOPLIST_KEY_UILaunchStoryboardName = LaunchScreen;
				INFOPLIST_KEY_UIMainStoryboardFile = Main;
				INFOPLIST_KEY_UIStatusBarHidden = YES;
				INFOPLIST_KEY_UISupportedInterfaceOrientations = "UIInterfaceOrientationLandscapeLeft UIInterfaceOrientationLandscapeRight";
				INFOPLIST_KEY_UISupportedInterfaceOrientations_iPad = "UIInterfaceOrientationLandscapeLeft UIInterfaceOrientationLandscapeRight UIInterfaceOrientationPortrait UIInterfaceOrientationPortraitUpsideDown";
				IPHONEOS_DEPLOYMENT_TARGET = 17.0;
				LD_RUNPATH_SEARCH_PATHS = (
					"$(inherited)",
					"@executable_path/Frameworks",
				);
				MARKETING_VERSION = 1.0;
				PRODUCT_BUNDLE_IDENTIFIER = com.navemorphis.game;
				PRODUCT_NAME = "$(TARGET_NAME)";
				SUPPORTED_PLATFORMS = "iphoneos iphonesimulator";
				SUPPORTS_MACCATALYST = NO;
				SUPPORTS_MAC_DESIGNED_FOR_IPHONE_IPAD = NO;
				SWIFT_EMIT_LOC_STRINGS = YES;
				SWIFT_VERSION = 5.0;
				TARGETED_DEVICE_FAMILY = 1;
			};
			name = Debug;
		};
		E51A2B181F2A34D800123456 /* Release */ = {
			isa = XCBuildConfiguration;
			buildSettings = {
				ASSETCATALOG_COMPILER_APPICON_NAME = AppIcon;
				ASSETCATALOG_COMPILER_GLOBAL_ACCENT_COLOR_NAME = AccentColor;
				CODE_SIGN_STYLE = Automatic;
				CURRENT_PROJECT_VERSION = 1;
				DEVELOPMENT_TEAM = "";
				GENERATE_INFOPLIST_FILE = YES;
				INFOPLIST_FILE = NaveMorphis/Info.plist;
				INFOPLIST_KEY_UIApplicationSupportsIndirectInputEvents = YES;
				INFOPLIST_KEY_UILaunchStoryboardName = LaunchScreen;
				INFOPLIST_KEY_UIMainStoryboardFile = Main;
				INFOPLIST_KEY_UIStatusBarHidden = YES;
				INFOPLIST_KEY_UISupportedInterfaceOrientations = "UIInterfaceOrientationLandscapeLeft UIInterfaceOrientationLandscapeRight";
				INFOPLIST_KEY_UISupportedInterfaceOrientations_iPad = "UIInterfaceOrientationLandscapeLeft UIInterfaceOrientationLandscapeRight UIInterfaceOrientationPortrait UIInterfaceOrientationPortraitUpsideDown";
				IPHONEOS_DEPLOYMENT_TARGET = 17.0;
				LD_RUNPATH_SEARCH_PATHS = (
					"$(inherited)",
					"@executable_path/Frameworks",
				);
				MARKETING_VERSION = 1.0;
				PRODUCT_BUNDLE_IDENTIFIER = com.navemorphis.game;
				PRODUCT_NAME = "$(TARGET_NAME)";
				SUPPORTED_PLATFORMS = "iphoneos iphonesimulator";
				SUPPORTS_MACCATALYST = NO;
				SUPPORTS_MAC_DESIGNED_FOR_IPHONE_IPAD = NO;
				SWIFT_EMIT_LOC_STRINGS = YES;
				SWIFT_VERSION = 5.0;
				TARGETED_DEVICE_FAMILY = 1;
			};
			name = Release;
		};
/* End XCBuildConfiguration section */

/* Begin XCConfigurationList section */
		E51A2AF71F2A34D800123456 /* Build configuration list for PBXProject "NaveMorphis" */ = {
			isa = XCConfigurationList;
			buildConfigurations = (
				E51A2B141F2A34D800123456 /* Debug */,
				E51A2B151F2A34D800123456 /* Release */,
			);
			defaultConfigurationIsVisible = 0;
			defaultConfigurationName = Release;
		};
		E51A2B161F2A34D800123456 /* Build configuration list for PBXNativeTarget "NaveMorphis" */ = {
			isa = XCConfigurationList;
			buildConfigurations = (
				E51A2B171F2A34D800123456 /* Debug */,
				E51A2B181F2A34D800123456 /* Release */,
			);
			defaultConfigurationIsVisible = 0;
			defaultConfigurationName = Release;
		};
/* End XCConfigurationList section */
	};
	rootObject = E51A2AF41F2A34D800123456 /* Project object */;
}